// !$*UTF8*$!
{
	archiveVersion = 1;
	classes = {
	};
	objectVersion = 50;
	objects = {

/* Begin PBXBuildFile section */
		FA26E8A525FDC13C00A24CE1 /* APIModel.swift in Sources */ = {isa = PBXBuildFile; fileRef = FA26E8A425FDC13C00A24CE1 /* APIModel.swift */; };
		FA4B4CCD25FA4E1400B27DE1 /* CalculatorApp.swift in Sources */ = {isa = PBXBuildFile; fileRef = FA4B4CCC25FA4E1400B27DE1 /* CalculatorApp.swift */; };
		FA4B4CCF25FA4E1400B27DE1 /* ButtonView.swift in Sources */ = {isa = PBXBuildFile; fileRef = FA4B4CCE25FA4E1400B27DE1 /* ButtonView.swift */; };
		FA4B4CD125FA4E3100B27DE1 /* Assets.xcassets in Resources */ = {isa = PBXBuildFile; fileRef = FA4B4CD025FA4E3100B27DE1 /* Assets.xcassets */; };
		FA4B4CD425FA4E3200B27DE1 /* Preview Assets.xcassets in Resources */ = {isa = PBXBuildFile; fileRef = FA4B4CD325FA4E3200B27DE1 /* Preview Assets.xcassets */; };
		FA64172425FC7A140040713F /* CalculatorModel.swift in Sources */ = {isa = PBXBuildFile; fileRef = FA64172325FC7A140040713F /* CalculatorModel.swift */; };
		FAA3A84B25FBEBD700031713 /* ButtonRow.swift in Sources */ = {isa = PBXBuildFile; fileRef = FAA3A84A25FBEBD700031713 /* ButtonRow.swift */; };
		FAA3A84E25FBED7F00031713 /* IndexView.swift in Sources */ = {isa = PBXBuildFile; fileRef = FAA3A84D25FBED7F00031713 /* IndexView.swift */; };
		FAB6A65125FCD93000FDDC69 /* CurrencyModel.swift in Sources */ = {isa = PBXBuildFile; fileRef = FAB6A65025FCD93000FDDC69 /* CurrencyModel.swift */; };
/* End PBXBuildFile section */

/* Begin PBXFileReference section */
		FA26E8A425FDC13C00A24CE1 /* APIModel.swift */ = {isa = PBXFileReference; lastKnownFileType = sourcecode.swift; path = APIModel.swift; sourceTree = "<group>"; };
		FA4B4CC925FA4E1400B27DE1 /* Calculator.app */ = {isa = PBXFileReference; explicitFileType = wrapper.application; includeInIndex = 0; path = Calculator.app; sourceTree = BUILT_PRODUCTS_DIR; };
		FA4B4CCC25FA4E1400B27DE1 /* CalculatorApp.swift */ = {isa = PBXFileReference; lastKnownFileType = sourcecode.swift; path = CalculatorApp.swift; sourceTree = "<group>"; };
		FA4B4CCE25FA4E1400B27DE1 /* ButtonView.swift */ = {isa = PBXFileReference; lastKnownFileType = sourcecode.swift; path = ButtonView.swift; sourceTree = "<group>"; };
		FA4B4CD025FA4E3100B27DE1 /* Assets.xcassets */ = {isa = PBXFileReference; lastKnownFileType = folder.assetcatalog; path = Assets.xcassets; sourceTree = "<group>"; };
		FA4B4CD325FA4E3200B27DE1 /* Preview Assets.xcassets */ = {isa = PBXFileReference; lastKnownFileType = folder.assetcatalog; path = "Preview Assets.xcassets"; sourceTree = "<group>"; };
		FA4B4CD525FA4E3200B27DE1 /* Info.plist */ = {isa = PBXFileReference; lastKnownFileType = text.plist.xml; path = Info.plist; sourceTree = "<group>"; };
		FA64172325FC7A140040713F /* CalculatorModel.swift */ = {isa = PBXFileReference; lastKnownFileType = sourcecode.swift; path = CalculatorModel.swift; sourceTree = "<group>"; };
		FAA3A84A25FBEBD700031713 /* ButtonRow.swift */ = {isa = PBXFileReference; lastKnownFileType = sourcecode.swift; path = ButtonRow.swift; sourceTree = "<group>"; };
		FAA3A84D25FBED7F00031713 /* IndexView.swift */ = {isa = PBXFileReference; lastKnownFileType = sourcecode.swift; path = IndexView.swift; sourceTree = "<group>"; };
		FAB6A65025FCD93000FDDC69 /* CurrencyModel.swift */ = {isa = PBXFileReference; lastKnownFileType = sourcecode.swift; path = CurrencyModel.swift; sourceTree = "<group>"; };
/* End PBXFileReference section */

/* Begin PBXFrameworksBuildPhase section */
		FA4B4CC625FA4E1300B27DE1 /* Frameworks */ = {
			isa = PBXFrameworksBuildPhase;
			buildActionMask = 2147483647;
			files = (
			);
			runOnlyForDeploymentPostprocessing = 0;
		};
/* End PBXFrameworksBuildPhase section */

/* Begin PBXGroup section */
		FA481D4F25FF4CB60049D405 /* ViewModels */ = {
			isa = PBXGroup;
			children = (
				FA64172325FC7A140040713F /* CalculatorModel.swift */,
				FAB6A65025FCD93000FDDC69 /* CurrencyModel.swift */,
			);
			path = ViewModels;
			sourceTree = "<group>";
		};
		FA4B4CC025FA4E1300B27DE1 = {
			isa = PBXGroup;
			children = (
				FA4B4CCB25FA4E1400B27DE1 /* Calculator */,
				FA4B4CCA25FA4E1400B27DE1 /* Products */,
			);
			sourceTree = "<group>";
		};
		FA4B4CCA25FA4E1400B27DE1 /* Products */ = {
			isa = PBXGroup;
			children = (
				FA4B4CC925FA4E1400B27DE1 /* Calculator.app */,
			);
			name = Products;
			sourceTree = "<group>";
		};
		FA4B4CCB25FA4E1400B27DE1 /* Calculator */ = {
			isa = PBXGroup;
			children = (
				FA4B4CCC25FA4E1400B27DE1 /* CalculatorApp.swift */,
				FA64172125FC79CD0040713F /* Views */,
				FA64172225FC79E50040713F /* Models */,
				FA481D4F25FF4CB60049D405 /* ViewModels */,
				FA4B4CD025FA4E3100B27DE1 /* Assets.xcassets */,
				FA4B4CD525FA4E3200B27DE1 /* Info.plist */,
				FA4B4CD225FA4E3200B27DE1 /* Preview Content */,
			);
			path = Calculator;
			sourceTree = "<group>";
		};
		FA4B4CD225FA4E3200B27DE1 /* Preview Content */ = {
			isa = PBXGroup;
			children = (
				FA4B4CD325FA4E3200B27DE1 /* Preview Assets.xcassets */,
			);
			path = "Preview Content";
			sourceTree = "<group>";
		};
		FA64172125FC79CD0040713F /* Views */ = {
			isa = PBXGroup;
			children = (
				FA4B4CCE25FA4E1400B27DE1 /* ButtonView.swift */,
				FAA3A84A25FBEBD700031713 /* ButtonRow.swift */,
				FAA3A84D25FBED7F00031713 /* IndexView.swift */,
			);
			path = Views;
			sourceTree = "<group>";
		};
		FA64172225FC79E50040713F /* Models */ = {
			isa = PBXGroup;
			children = (
				FA26E8A425FDC13C00A24CE1 /* APIModel.swift */,
			);
			path = Models;
			sourceTree = "<group>";
		};
/* End PBXGroup section */

/* Begin PBXNativeTarget section */
		FA4B4CC825FA4E1300B27DE1 /* Calculator */ = {
			isa = PBXNativeTarget;
			buildConfigurationList = FA4B4CD825FA4E3200B27DE1 /* Build configuration list for PBXNativeTarget "Calculator" */;
			buildPhases = (
				FA4B4CC525FA4E1300B27DE1 /* Sources */,
				FA4B4CC625FA4E1300B27DE1 /* Frameworks */,
				FA4B4CC725FA4E1300B27DE1 /* Resources */,
			);
			buildRules = (
			);
			dependencies = (
			);
			name = Calculator;
			productName = Calculator;
			productReference = FA4B4CC925FA4E1400B27DE1 /* Calculator.app */;
			productType = "com.apple.product-type.application";
		};
/* End PBXNativeTarget section */

/* Begin PBXProject section */
		FA4B4CC125FA4E1300B27DE1 /* Project object */ = {
			isa = PBXProject;
			attributes = {
				LastSwiftUpdateCheck = 1240;
				LastUpgradeCheck = 1240;
				TargetAttributes = {
					FA4B4CC825FA4E1300B27DE1 = {
						CreatedOnToolsVersion = 12.4;
					};
				};
			};
			buildConfigurationList = FA4B4CC425FA4E1300B27DE1 /* Build configuration list for PBXProject "Calculator" */;
			compatibilityVersion = "Xcode 9.3";
			developmentRegion = en;
			hasScannedForEncodings = 0;
			knownRegions = (
				en,
				Base,
			);
			mainGroup = FA4B4CC025FA4E1300B27DE1;
			productRefGroup = FA4B4CCA25FA4E1400B27DE1 /* Products */;
			projectDirPath = "";
			projectRoot = "";
			targets = (
				FA4B4CC825FA4E1300B27DE1 /* Calculator */,
			);
		};
/* End PBXProject section */

/* Begin PBXResourcesBuildPhase section */
		FA4B4CC725FA4E1300B27DE1 /* Resources */ = {
			isa = PBXResourcesBuildPhase;
			buildActionMask = 2147483647;
			files = (
				FA4B4CD425FA4E3200B27DE1 /* Preview Assets.xcassets in Resources */,
				FA4B4CD125FA4E3100B27DE1 /* Assets.xcassets in Resources */,
			);
			runOnlyForDeploymentPostprocessing = 0;
		};
/* End PBXResourcesBuildPhase section */

/* Begin PBXSourcesBuildPhase section */
		FA4B4CC525FA4E1300B27DE1 /* Sources */ = {
			isa = PBXSourcesBuildPhase;
			buildActionMask = 2147483647;
			files = (
				FA26E8A525FDC13C00A24CE1 /* APIModel.swift in Sources */,
				FA4B4CCF25FA4E1400B27DE1 /* ButtonView.swift in Sources */,
				FA64172425FC7A140040713F /* CalculatorModel.swift in Sources */,
				FAB6A65125FCD93000FDDC69 /* CurrencyModel.swift in Sources */,
				FAA3A84E25FBED7F00031713 /* IndexView.swift in Sources */,
				FAA3A84B25FBEBD700031713 /* ButtonRow.swift in Sources */,
				FA4B4CCD25FA4E1400B27DE1 /* CalculatorApp.swift in Sources */,
			);
			runOnlyForDeploymentPostprocessing = 0;
		};
/* End PBXSourcesBuildPhase section */

/* Begin XCBuildConfiguration section */
		FA4B4CD625FA4E3200B27DE1 /* Debug */ = {
			isa = XCBuildConfiguration;
			buildSettings = {
				ALWAYS_SEARCH_USER_PATHS = NO;
				CLANG_ANALYZER_NONNULL = YES;
				CLANG_ANALYZER_NUMBER_OBJECT_CONVERSION = YES_AGGRESSIVE;
				CLANG_CXX_LANGUAGE_STANDARD = "gnu++14";
				CLANG_CXX_LIBRARY = "libc++";
				CLANG_ENABLE_MODULES = YES;
				CLANG_ENABLE_OBJC_ARC = YES;
				CLANG_ENABLE_OBJC_WEAK = YES;
				CLANG_WARN_BLOCK_CAPTURE_AUTORELEASING = YES;
				CLANG_WARN_BOOL_CONVERSION = YES;
				CLANG_WARN_COMMA = YES;
				CLANG_WARN_CONSTANT_CONVERSION = YES;
				CLANG_WARN_DEPRECATED_OBJC_IMPLEMENTATIONS = YES;
				CLANG_WARN_DIRECT_OBJC_ISA_USAGE = YES_ERROR;
				CLANG_WARN_DOCUMENTATION_COMMENTS = YES;
				CLANG_WARN_EMPTY_BODY = YES;
				CLANG_WARN_ENUM_CONVERSION = YES;
				CLANG_WARN_INFINITE_RECURSION = YES;
				CLANG_WARN_INT_CONVERSION = YES;
				CLANG_WARN_NON_LITERAL_NULL_CONVERSION = YES;
				CLANG_WARN_OBJC_IMPLICIT_RETAIN_SELF = YES;
				CLANG_WARN_OBJC_LITERAL_CONVERSION = YES;
				CLANG_WARN_OBJC_ROOT_CLASS = YES_ERROR;
				CLANG_WARN_QUOTED_INCLUDE_IN_FRAMEWORK_HEADER = YES;
				CLANG_WARN_RANGE_LOOP_ANALYSIS = YES;
				CLANG_WARN_STRICT_PROTOTYPES = YES;
				CLANG_WARN_SUSPICIOUS_MOVE = YES;
				CLANG_WARN_UNGUARDED_AVAILABILITY = YES_AGGRESSIVE;
				CLANG_WARN_UNREACHABLE_CODE = YES;
				CLANG_WARN__DUPLICATE_METHOD_MATCH = YES;
				COPY_PHASE_STRIP = NO;
				DEBUG_INFORMATION_FORMAT = dwarf;
				ENABLE_STRICT_OBJC_MSGSEND = YES;
				ENABLE_TESTABILITY = YES;
				GCC_C_LANGUAGE_STANDARD = gnu11;
				GCC_DYNAMIC_NO_PIC = NO;
				GCC_NO_COMMON_BLOCKS = YES;
				GCC_OPTIMIZATION_LEVEL = 0;
				GCC_PREPROCESSOR_DEFINITIONS = (
					"DEBUG=1",
					"$(inherited)",
				);
				GCC_WARN_64_TO_32_BIT_CONVERSION = YES;
				GCC_WARN_ABOUT_RETURN_TYPE = YES_ERROR;
				GCC_WARN_UNDECLARED_SELECTOR = YES;
				GCC_WARN_UNINITIALIZED_AUTOS = YES_AGGRESSIVE;
				GCC_WARN_UNUSED_FUNCTION = YES;
				GCC_WARN_UNUSED_VARIABLE = YES;
				IPHONEOS_DEPLOYMENT_TARGET = 14.4;
				MTL_ENABLE_DEBUG_INFO = INCLUDE_SOURCE;
				MTL_FAST_MATH = YES;
				ONLY_ACTIVE_ARCH = YES;
				SDKROOT = iphoneos;
				SWIFT_ACTIVE_COMPILATION_CONDITIONS = DEBUG;
				SWIFT_OPTIMIZATION_LEVEL = "-Onone";
			};
			name = Debug;
		};
		FA4B4CD725FA4E3200B27DE1 /* Release */ = {
			isa = XCBuildConfiguration;
			buildSettings = {
				ALWAYS_SEARCH_USER_PATHS = NO;
				CLANG_ANALYZER_NONNULL = YES;
				CLANG_ANALYZER_NUMBER_OBJECT_CONVERSION = YES_AGGRESSIVE;
				CLANG_CXX_LANGUAGE_STANDARD = "gnu++14";
				CLANG_CXX_LIBRARY = "libc++";
				CLANG_ENABLE_MODULES = YES;
				CLANG_ENABLE_OBJC_ARC = YES;
				CLANG_ENABLE_OBJC_WEAK = YES;
				CLANG_WARN_BLOCK_CAPTURE_AUTORELEASING = YES;
				CLANG_WARN_BOOL_CONVERSION = YES;
				CLANG_WARN_COMMA = YES;
				CLANG_WARN_CONSTANT_CONVERSION = YES;
				CLANG_WARN_DEPRECATED_OBJC_IMPLEMENTATIONS = YES;
				CLANG_WARN_DIRECT_OBJC_ISA_USAGE = YES_ERROR;
				CLANG_WARN_DOCUMENTATION_COMMENTS = YES;
				CLANG_WARN_EMPTY_BODY = YES;
				CLANG_WARN_ENUM_CONVERSION = YES;
				CLANG_WARN_INFINITE_RECURSION = YES;
				CLANG_WARN_INT_CONVERSION = YES;
				CLANG_WARN_NON_LITERAL_NULL_CONVERSION = YES;
				CLANG_WARN_OBJC_IMPLICIT_RETAIN_SELF = YES;
				CLANG_WARN_OBJC_LITERAL_CONVERSION = YES;
				CLANG_WARN_OBJC_ROOT_CLASS = YES_ERROR;
				CLANG_WARN_QUOTED_INCLUDE_IN_FRAMEWORK_HEADER = YES;
				CLANG_WARN_RANGE_LOOP_ANALYSIS = YES;
				CLANG_WARN_STRICT_PROTOTYPES = YES;
				CLANG_WARN_SUSPICIOUS_MOVE = YES;
				CLANG_WARN_UNGUARDED_AVAILABILITY = YES_AGGRESSIVE;
				CLANG_WARN_UNREACHABLE_CODE = YES;
				CLANG_WARN__DUPLICATE_METHOD_MATCH = YES;
				COPY_PHASE_STRIP = NO;
				DEBUG_INFORMATION_FORMAT = "dwarf-with-dsym";
				ENABLE_NS_ASSERTIONS = NO;
				ENABLE_STRICT_OBJC_MSGSEND = YES;
				GCC_C_LANGUAGE_STANDARD = gnu11;
				GCC_NO_COMMON_BLOCKS = YES;
				GCC_WARN_64_TO_32_BIT_CONVERSION = YES;
				GCC_WARN_ABOUT_RETURN_TYPE = YES_ERROR;
				GCC_WARN_UNDECLARED_SELECTOR = YES;
				GCC_WARN_UNINITIALIZED_AUTOS = YES_AGGRESSIVE;
				GCC_WARN_UNUSED_FUNCTION = YES;
				GCC_WARN_UNUSED_VARIABLE = YES;
				IPHONEOS_DEPLOYMENT_TARGET = 14.4;
				MTL_ENABLE_DEBUG_INFO = NO;
				MTL_FAST_MATH = YES;
				SDKROOT = iphoneos;
				SWIFT_COMPILATION_MODE = wholemodule;
				SWIFT_OPTIMIZATION_LEVEL = "-O";
				VALIDATE_PRODUCT = YES;
			};
			name = Release;
		};
		FA4B4CD925FA4E3200B27DE1 /* Debug */ = {
			isa = XCBuildConfiguration;
			buildSettings = {
				ASSETCATALOG_COMPILER_APPICON_NAME = AppIcon;
				ASSETCATALOG_COMPILER_GLOBAL_ACCENT_COLOR_NAME = AccentColor;
				CODE_SIGN_STYLE = Automatic;
				DEVELOPMENT_ASSET_PATHS = "\"Calculator/Preview Content\"";
				DEVELOPMENT_TEAM = SXHR77U323;
				ENABLE_PREVIEWS = YES;
				INFOPLIST_FILE = Calculator/Info.plist;
				IPHONEOS_DEPLOYMENT_TARGET = 14.0;
				LD_RUNPATH_SEARCH_PATHS = (
					"$(inherited)",
					"@executable_path/Frameworks",
				);
				PRODUCT_BUNDLE_IDENTIFIER = com.ash.Calculator;
				PRODUCT_NAME = "$(TARGET_NAME)";
				SWIFT_VERSION = 5.0;
				TARGETED_DEVICE_FAMILY = "1,2";
			};
			name = Debug;
		};
		FA4B4CDA25FA4E3200B27DE1 /* Release */ = {
			isa = XCBuildConfiguration;
			buildSettings = {
				ASSETCATALOG_COMPILER_APPICON_NAME = AppIcon;
				ASSETCATALOG_COMPILER_GLOBAL_ACCENT_COLOR_NAME = AccentColor;
				CODE_SIGN_STYLE = Automatic;
				DEVELOPMENT_ASSET_PATHS = "\"Calculator/Preview Content\"";
				DEVELOPMENT_TEAM = SXHR77U323;
				ENABLE_PREVIEWS = YES;
				INFOPLIST_FILE = Calculator/Info.plist;
				IPHONEOS_DEPLOYMENT_TARGET = 14.0;
				LD_RUNPATH_SEARCH_PATHS = (
					"$(inherited)",
					"@executable_path/Frameworks",
				);
				PRODUCT_BUNDLE_IDENTIFIER = com.ash.Calculator;
				PRODUCT_NAME = "$(TARGET_NAME)";
				SWIFT_VERSION = 5.0;
				TARGETED_DEVICE_FAMILY = "1,2";
			};
			name = Release;
		};
/* End XCBuildConfiguration section */

/* Begin XCConfigurationList section */
		FA4B4CC425FA4E1300B27DE1 /* Build configuration list for PBXProject "Calculator" */ = {
			isa = XCConfigurationList;
			buildConfigurations = (
				FA4B4CD625FA4E3200B27DE1 /* Debug */,
				FA4B4CD725FA4E3200B27DE1 /* Release */,
			);
			defaultConfigurationIsVisible = 0;
			defaultConfigurationName = Release;
		};
		FA4B4CD825FA4E3200B27DE1 /* Build configuration list for PBXNativeTarget "Calculator" */ = {
			isa = XCConfigurationList;
			buildConfigurations = (
				FA4B4CD925FA4E3200B27DE1 /* Debug */,
				FA4B4CDA25FA4E3200B27DE1 /* Release */,
			);
			defaultConfigurationIsVisible = 0;
			defaultConfigurationName = Release;
		};
/* End XCConfigurationList section */
	};
	rootObject = FA4B4CC125FA4E1300B27DE1 /* Project object */;
}
